NeoBundleLock alpaca_powertabline c9add3898f29cbbad8f57108ef73baab8fd6e21d
NeoBundleLock badwolf e6fdf1844ac7fe9f479f93846081f9294eb992c0
NeoBundleLock emmet-vim 1c240c6d6d1fb2ed67b3f42146d498541bcf3bd1
NeoBundleLock jedi-vim 0d52b56a7258ec51c7f138e6e14e8a08ac9ed617
NeoBundleLock lightline.vim 967501e7a1cc96ef3aac596741e5ec30dc8ed566
NeoBundleLock neocomplete 39661033cce39ebd013451b49809e94ade3ba08c
NeoBundleLock supertab 43b98dd2c74977a02473d923c159d4110c94273e
NeoBundleLock unite-colorscheme 3aa33866a183f7659594a3f6b66b2334eaebc6a0
NeoBundleLock unite.vim 46ef4f0cb48a7c5b3aaead8acc9a4a43eb6f72c7
NeoBundleLock vim-hybrid 75184dacef65991590514afca2943ad375d10dd3
NeoBundleLock vim-indent-guides 4895e860258cd24c975255ef459af4b956107557
NeoBundleLock vim-tomorrow-theme f45a2ca260d825b6aee72621f8f6158d815ac472
